
Microsoft Visual Studio Solution File, Format Version 12.00
# Visual Studio Version 16
VisualStudioVersion = 16.0.30517.126
MinimumVisualStudioVersion = 10.0.40219.1
Project("{FAE04EC0-301F-11D3-BF4B-00C04F79EFBC}") = "CertificadosMaster", "CertificadosMaster\CertificadosMaster.csproj", "{8E6FD487-B1D2-4D3E-8287-30004BA0EF06}"
EndProject
Global
	GlobalSection(SolutionConfigurationPlatforms) = preSolution
		Debug|Any CPU = Debug|Any CPU
		Release|Any CPU = Release|Any CPU
	EndGlobalSection
	GlobalSection(ProjectConfigurationPlatforms) = postSolution
		{8E6FD487-B1D2-4D3E-8287-30004BA0EF06}.Debug|Any CPU.ActiveCfg = Debug|Any CPU
		{8E6FD487-B1D2-4D3E-8287-30004BA0EF06}.Debug|Any CPU.Build.0 = Debug|Any CPU
		{8E6FD487-B1D2-4D3E-8287-30004BA0EF06}.Release|Any CPU.ActiveCfg = Release|Any CPU
		{8E6FD487-B1D2-4D3E-8287-30004BA0EF06}.Release|Any CPU.Build.0 = Release|Any CPU
	EndGlobalSection
	GlobalSection(SolutionProperties) = preSolution
		HideSolutionNode = FALSE
	EndGlobalSection
	GlobalSection(ExtensibilityGlobals) = postSolution
		SolutionGuid = {2938CE25-9BF7-4C50-891F-7F25392514D0}
	EndGlobalSection
EndGlobal
